// !$*UTF8*$!
{
	archiveVersion = 1;
	classes = {
	};
	objectVersion = 46;
	objects = {

/* Begin PBXBuildFile section */
		690F2D171DE7BB51000AAD6A /* VideoLauncher.swift in Sources */ = {isa = PBXBuildFile; fileRef = 690F2D161DE7BB51000AAD6A /* VideoLauncher.swift */; };
		690F2D191DEA4FCD000AAD6A /* VideoPlayerView.swift in Sources */ = {isa = PBXBuildFile; fileRef = 690F2D181DEA4FCD000AAD6A /* VideoPlayerView.swift */; };
		690F2D1B1DEA5345000AAD6A /* Setting.swift in Sources */ = {isa = PBXBuildFile; fileRef = 690F2D1A1DEA5345000AAD6A /* Setting.swift */; };
		6935CB301DDB1E1300881C09 /* AppDelegate.swift in Sources */ = {isa = PBXBuildFile; fileRef = 6935CB2F1DDB1E1300881C09 /* AppDelegate.swift */; };
		6935CB321DDB1E1300881C09 /* HomeController.swift in Sources */ = {isa = PBXBuildFile; fileRef = 6935CB311DDB1E1300881C09 /* HomeController.swift */; };
		6935CB351DDB1E1300881C09 /* Main.storyboard in Resources */ = {isa = PBXBuildFile; fileRef = 6935CB331DDB1E1300881C09 /* Main.storyboard */; };
		6935CB371DDB1E1300881C09 /* Assets.xcassets in Resources */ = {isa = PBXBuildFile; fileRef = 6935CB361DDB1E1300881C09 /* Assets.xcassets */; };
		6935CB3A1DDB1E1300881C09 /* LaunchScreen.storyboard in Resources */ = {isa = PBXBuildFile; fileRef = 6935CB381DDB1E1300881C09 /* LaunchScreen.storyboard */; };
		6935CB451DDB1E1300881C09 /* testTests.swift in Sources */ = {isa = PBXBuildFile; fileRef = 6935CB441DDB1E1300881C09 /* testTests.swift */; };
		6935CB501DDB1E1300881C09 /* testUITests.swift in Sources */ = {isa = PBXBuildFile; fileRef = 6935CB4F1DDB1E1300881C09 /* testUITests.swift */; };
		6935CB5F1DDFE68000881C09 /* Helper.swift in Sources */ = {isa = PBXBuildFile; fileRef = 6935CB5E1DDFE68000881C09 /* Helper.swift */; };
		6935CB631DDFE8CD00881C09 /* ItemCell.swift in Sources */ = {isa = PBXBuildFile; fileRef = 6935CB621DDFE8CD00881C09 /* ItemCell.swift */; };
		6935CB651DE0218E00881C09 /* MenuBar.swift in Sources */ = {isa = PBXBuildFile; fileRef = 6935CB641DE0218E00881C09 /* MenuBar.swift */; };
		6935CB671DE0299600881C09 /* MenuCell.swift in Sources */ = {isa = PBXBuildFile; fileRef = 6935CB661DE0299600881C09 /* MenuCell.swift */; };
		6935CB691DE02A4800881C09 /* BaseCell.swift in Sources */ = {isa = PBXBuildFile; fileRef = 6935CB681DE02A4800881C09 /* BaseCell.swift */; };
		6935CB6C1DE03D3800881C09 /* Video.swift in Sources */ = {isa = PBXBuildFile; fileRef = 6935CB6B1DE03D3800881C09 /* Video.swift */; };
		6979BE581DE5174D0007BDC7 /* FeedCell.swift in Sources */ = {isa = PBXBuildFile; fileRef = 6979BE571DE5174D0007BDC7 /* FeedCell.swift */; };
		6979BE5A1DE65E050007BDC7 /* TrendingCell.swift in Sources */ = {isa = PBXBuildFile; fileRef = 6979BE591DE65E050007BDC7 /* TrendingCell.swift */; };
		6979BE5C1DE661150007BDC7 /* SubscriptionCell.swift in Sources */ = {isa = PBXBuildFile; fileRef = 6979BE5B1DE661150007BDC7 /* SubscriptionCell.swift */; };
		6979BE5E1DE6723F0007BDC7 /* SafeJsonObject.swift in Sources */ = {isa = PBXBuildFile; fileRef = 6979BE5D1DE6723F0007BDC7 /* SafeJsonObject.swift */; };
		69C1825B1DE10733009A3023 /* Channel.swift in Sources */ = {isa = PBXBuildFile; fileRef = 69C1825A1DE10733009A3023 /* Channel.swift */; };
		69C952F81DE3C15900F1287E /* SettingsLauncher.swift in Sources */ = {isa = PBXBuildFile; fileRef = 69C952F71DE3C15900F1287E /* SettingsLauncher.swift */; };
		69C952FA1DE3C7B600F1287E /* SettingCell.swift in Sources */ = {isa = PBXBuildFile; fileRef = 69C952F91DE3C7B600F1287E /* SettingCell.swift */; };
		69C952FD1DE426B100F1287E /* APIService.swift in Sources */ = {isa = PBXBuildFile; fileRef = 69C952FC1DE426B100F1287E /* APIService.swift */; };
/* End PBXBuildFile section */

/* Begin PBXContainerItemProxy section */
		6935CB411DDB1E1300881C09 /* PBXContainerItemProxy */ = {
			isa = PBXContainerItemProxy;
			containerPortal = 6935CB241DDB1E1200881C09 /* Project object */;
			proxyType = 1;
			remoteGlobalIDString = 6935CB2B1DDB1E1200881C09;
			remoteInfo = test;
		};
		6935CB4C1DDB1E1300881C09 /* PBXContainerItemProxy */ = {
			isa = PBXContainerItemProxy;
			containerPortal = 6935CB241DDB1E1200881C09 /* Project object */;
			proxyType = 1;
			remoteGlobalIDString = 6935CB2B1DDB1E1200881C09;
			remoteInfo = test;
		};
/* End PBXContainerItemProxy section */

/* Begin PBXFileReference section */
		690F2D161DE7BB51000AAD6A /* VideoLauncher.swift */ = {isa = PBXFileReference; fileEncoding = 4; lastKnownFileType = sourcecode.swift; path = VideoLauncher.swift; sourceTree = "<group>"; };
		690F2D181DEA4FCD000AAD6A /* VideoPlayerView.swift */ = {isa = PBXFileReference; fileEncoding = 4; lastKnownFileType = sourcecode.swift; path = VideoPlayerView.swift; sourceTree = "<group>"; };
		690F2D1A1DEA5345000AAD6A /* Setting.swift */ = {isa = PBXFileReference; fileEncoding = 4; lastKnownFileType = sourcecode.swift; path = Setting.swift; sourceTree = "<group>"; };
		6935CB2C1DDB1E1300881C09 /* youtube_old.app */ = {isa = PBXFileReference; explicitFileType = wrapper.application; includeInIndex = 0; path = youtube_old.app; sourceTree = BUILT_PRODUCTS_DIR; };
		6935CB2F1DDB1E1300881C09 /* AppDelegate.swift */ = {isa = PBXFileReference; lastKnownFileType = sourcecode.swift; path = AppDelegate.swift; sourceTree = "<group>"; };
		6935CB311DDB1E1300881C09 /* HomeController.swift */ = {isa = PBXFileReference; lastKnownFileType = sourcecode.swift; path = HomeController.swift; sourceTree = "<group>"; };
		6935CB341DDB1E1300881C09 /* Base */ = {isa = PBXFileReference; lastKnownFileType = file.storyboard; name = Base; path = Base.lproj/Main.storyboard; sourceTree = "<group>"; };
		6935CB361DDB1E1300881C09 /* Assets.xcassets */ = {isa = PBXFileReference; lastKnownFileType = folder.assetcatalog; path = Assets.xcassets; sourceTree = "<group>"; };
		6935CB391DDB1E1300881C09 /* Base */ = {isa = PBXFileReference; lastKnownFileType = file.storyboard; name = Base; path = Base.lproj/LaunchScreen.storyboard; sourceTree = "<group>"; };
		6935CB3B1DDB1E1300881C09 /* Info.plist */ = {isa = PBXFileReference; lastKnownFileType = text.plist.xml; path = Info.plist; sourceTree = "<group>"; };
		6935CB401DDB1E1300881C09 /* youtube_oldTests.xctest */ = {isa = PBXFileReference; explicitFileType = wrapper.cfbundle; includeInIndex = 0; path = youtube_oldTests.xctest; sourceTree = BUILT_PRODUCTS_DIR; };
		6935CB441DDB1E1300881C09 /* testTests.swift */ = {isa = PBXFileReference; lastKnownFileType = sourcecode.swift; path = testTests.swift; sourceTree = "<group>"; };
		6935CB461DDB1E1300881C09 /* Info.plist */ = {isa = PBXFileReference; lastKnownFileType = text.plist.xml; path = Info.plist; sourceTree = "<group>"; };
		6935CB4B1DDB1E1300881C09 /* youtube_oldUITests.xctest */ = {isa = PBXFileReference; explicitFileType = wrapper.cfbundle; includeInIndex = 0; path = youtube_oldUITests.xctest; sourceTree = BUILT_PRODUCTS_DIR; };
		6935CB4F1DDB1E1300881C09 /* testUITests.swift */ = {isa = PBXFileReference; lastKnownFileType = sourcecode.swift; path = testUITests.swift; sourceTree = "<group>"; };
		6935CB511DDB1E1300881C09 /* Info.plist */ = {isa = PBXFileReference; lastKnownFileType = text.plist.xml; path = Info.plist; sourceTree = "<group>"; };
		6935CB5E1DDFE68000881C09 /* Helper.swift */ = {isa = PBXFileReference; fileEncoding = 4; lastKnownFileType = sourcecode.swift; path = Helper.swift; sourceTree = "<group>"; };
		6935CB621DDFE8CD00881C09 /* ItemCell.swift */ = {isa = PBXFileReference; fileEncoding = 4; lastKnownFileType = sourcecode.swift; path = ItemCell.swift; sourceTree = "<group>"; };
		6935CB641DE0218E00881C09 /* MenuBar.swift */ = {isa = PBXFileReference; fileEncoding = 4; lastKnownFileType = sourcecode.swift; path = MenuBar.swift; sourceTree = "<group>"; };
		6935CB661DE0299600881C09 /* MenuCell.swift */ = {isa = PBXFileReference; fileEncoding = 4; lastKnownFileType = sourcecode.swift; path = MenuCell.swift; sourceTree = "<group>"; };
		6935CB681DE02A4800881C09 /* BaseCell.swift */ = {isa = PBXFileReference; fileEncoding = 4; lastKnownFileType = sourcecode.swift; path = BaseCell.swift; sourceTree = "<group>"; };
		6935CB6B1DE03D3800881C09 /* Video.swift */ = {isa = PBXFileReference; fileEncoding = 4; lastKnownFileType = sourcecode.swift; path = Video.swift; sourceTree = "<group>"; };
		6979BE571DE5174D0007BDC7 /* FeedCell.swift */ = {isa = PBXFileReference; fileEncoding = 4; lastKnownFileType = sourcecode.swift; path = FeedCell.swift; sourceTree = "<group>"; };
		6979BE591DE65E050007BDC7 /* TrendingCell.swift */ = {isa = PBXFileReference; fileEncoding = 4; lastKnownFileType = sourcecode.swift; path = TrendingCell.swift; sourceTree = "<group>"; };
		6979BE5B1DE661150007BDC7 /* SubscriptionCell.swift */ = {isa = PBXFileReference; fileEncoding = 4; lastKnownFileType = sourcecode.swift; path = SubscriptionCell.swift; sourceTree = "<group>"; };
		6979BE5D1DE6723F0007BDC7 /* SafeJsonObject.swift */ = {isa = PBXFileReference; fileEncoding = 4; lastKnownFileType = sourcecode.swift; path = SafeJsonObject.swift; sourceTree = "<group>"; };
		69C1825A1DE10733009A3023 /* Channel.swift */ = {isa = PBXFileReference; fileEncoding = 4; lastKnownFileType = sourcecode.swift; path = Channel.swift; sourceTree = "<group>"; };
		69C952F71DE3C15900F1287E /* SettingsLauncher.swift */ = {isa = PBXFileReference; fileEncoding = 4; lastKnownFileType = sourcecode.swift; path = SettingsLauncher.swift; sourceTree = "<group>"; };
		69C952F91DE3C7B600F1287E /* SettingCell.swift */ = {isa = PBXFileReference; fileEncoding = 4; lastKnownFileType = sourcecode.swift; path = SettingCell.swift; sourceTree = "<group>"; };
		69C952FC1DE426B100F1287E /* APIService.swift */ = {isa = PBXFileReference; fileEncoding = 4; lastKnownFileType = sourcecode.swift; path = APIService.swift; sourceTree = "<group>"; };
/* End PBXFileReference section */

/* Begin PBXFrameworksBuildPhase section */
		6935CB291DDB1E1200881C09 /* Frameworks */ = {
			isa = PBXFrameworksBuildPhase;
			buildActionMask = 2147483647;
			files = (
			);
			runOnlyForDeploymentPostprocessing = 0;
		};
		6935CB3D1DDB1E1300881C09 /* Frameworks */ = {
			isa = PBXFrameworksBuildPhase;
			buildActionMask = 2147483647;
			files = (
			);
			runOnlyForDeploymentPostprocessing = 0;
		};
		6935CB481DDB1E1300881C09 /* Frameworks */ = {
			isa = PBXFrameworksBuildPhase;
			buildActionMask = 2147483647;
			files = (
			);
			runOnlyForDeploymentPostprocessing = 0;
		};
/* End PBXFrameworksBuildPhase section */

/* Begin PBXGroup section */
		6935CB231DDB1E1200881C09 = {
			isa = PBXGroup;
			children = (
				6935CB2E1DDB1E1300881C09 /* test */,
				6935CB431DDB1E1300881C09 /* testTests */,
				6935CB4E1DDB1E1300881C09 /* testUITests */,
				6935CB2D1DDB1E1300881C09 /* Products */,
			);
			sourceTree = "<group>";
		};
		6935CB2D1DDB1E1300881C09 /* Products */ = {
			isa = PBXGroup;
			children = (
				6935CB2C1DDB1E1300881C09 /* youtube_old.app */,
				6935CB401DDB1E1300881C09 /* youtube_oldTests.xctest */,
				6935CB4B1DDB1E1300881C09 /* youtube_oldUITests.xctest */,
			);
			name = Products;
			sourceTree = "<group>";
		};
		6935CB2E1DDB1E1300881C09 /* test */ = {
			isa = PBXGroup;
			children = (
				69C952FB1DE4269D00F1287E /* APIService */,
				6935CB6A1DE03D2000881C09 /* Model */,
				6935CB611DDFE89C00881C09 /* Controller */,
				6935CB601DDFE89300881C09 /* View */,
				6935CB5D1DDFE65C00881C09 /* Helpers */,
				6935CB2F1DDB1E1300881C09 /* AppDelegate.swift */,
				6935CB331DDB1E1300881C09 /* Main.storyboard */,
				6935CB361DDB1E1300881C09 /* Assets.xcassets */,
				6935CB381DDB1E1300881C09 /* LaunchScreen.storyboard */,
				6935CB3B1DDB1E1300881C09 /* Info.plist */,
			);
			path = test;
			sourceTree = "<group>";
		};
		6935CB431DDB1E1300881C09 /* testTests */ = {
			isa = PBXGroup;
			children = (
				6935CB441DDB1E1300881C09 /* testTests.swift */,
				6935CB461DDB1E1300881C09 /* Info.plist */,
			);
			path = testTests;
			sourceTree = "<group>";
		};
		6935CB4E1DDB1E1300881C09 /* testUITests */ = {
			isa = PBXGroup;
			children = (
				6935CB4F1DDB1E1300881C09 /* testUITests.swift */,
				6935CB511DDB1E1300881C09 /* Info.plist */,
			);
			path = testUITests;
			sourceTree = "<group>";
		};
		6935CB5D1DDFE65C00881C09 /* Helpers */ = {
			isa = PBXGroup;
			children = (
				6935CB5E1DDFE68000881C09 /* Helper.swift */,
			);
			name = Helpers;
			sourceTree = "<group>";
		};
		6935CB601DDFE89300881C09 /* View */ = {
			isa = PBXGroup;
			children = (
				6935CB681DE02A4800881C09 /* BaseCell.swift */,
				6935CB621DDFE8CD00881C09 /* ItemCell.swift */,
				6935CB641DE0218E00881C09 /* MenuBar.swift */,
				6935CB661DE0299600881C09 /* MenuCell.swift */,
				69C952F91DE3C7B600F1287E /* SettingCell.swift */,
				6979BE571DE5174D0007BDC7 /* FeedCell.swift */,
				6979BE591DE65E050007BDC7 /* TrendingCell.swift */,
				6979BE5B1DE661150007BDC7 /* SubscriptionCell.swift */,
				690F2D181DEA4FCD000AAD6A /* VideoPlayerView.swift */,
			);
			name = View;
			sourceTree = "<group>";
		};
		6935CB611DDFE89C00881C09 /* Controller */ = {
			isa = PBXGroup;
			children = (
				6935CB311DDB1E1300881C09 /* HomeController.swift */,
				69C952F71DE3C15900F1287E /* SettingsLauncher.swift */,
				690F2D161DE7BB51000AAD6A /* VideoLauncher.swift */,
			);
			name = Controller;
			sourceTree = "<group>";
		};
		6935CB6A1DE03D2000881C09 /* Model */ = {
			isa = PBXGroup;
			children = (
				6979BE5D1DE6723F0007BDC7 /* SafeJsonObject.swift */,
				6935CB6B1DE03D3800881C09 /* Video.swift */,
				69C1825A1DE10733009A3023 /* Channel.swift */,
				690F2D1A1DEA5345000AAD6A /* Setting.swift */,
			);
			name = Model;
			sourceTree = "<group>";
		};
		69C952FB1DE4269D00F1287E /* APIService */ = {
			isa = PBXGroup;
			children = (
				69C952FC1DE426B100F1287E /* APIService.swift */,
			);
			name = APIService;
			sourceTree = "<group>";
		};
/* End PBXGroup section */

/* Begin PBXNativeTarget section */
		6935CB2B1DDB1E1200881C09 /* youtube_old */ = {
			isa = PBXNativeTarget;
			buildConfigurationList = 6935CB541DDB1E1300881C09 /* Build configuration list for PBXNativeTarget "youtube_old" */;
			buildPhases = (
				6935CB281DDB1E1200881C09 /* Sources */,
				6935CB291DDB1E1200881C09 /* Frameworks */,
				6935CB2A1DDB1E1200881C09 /* Resources */,
			);
			buildRules = (
			);
			dependencies = (
			);
			name = youtube_old;
			productName = test;
			productReference = 6935CB2C1DDB1E1300881C09 /* youtube_old.app */;
			productType = "com.apple.product-type.application";
		};
		6935CB3F1DDB1E1300881C09 /* youtube_oldTests */ = {
			isa = PBXNativeTarget;
			buildConfigurationList = 6935CB571DDB1E1300881C09 /* Build configuration list for PBXNativeTarget "youtube_oldTests" */;
			buildPhases = (
				6935CB3C1DDB1E1300881C09 /* Sources */,
				6935CB3D1DDB1E1300881C09 /* Frameworks */,
				6935CB3E1DDB1E1300881C09 /* Resources */,
			);
			buildRules = (
			);
			dependencies = (
				6935CB421DDB1E1300881C09 /* PBXTargetDependency */,
			);
			name = youtube_oldTests;
			productName = testTests;
			productReference = 6935CB401DDB1E1300881C09 /* youtube_oldTests.xctest */;
			productType = "com.apple.product-type.bundle.unit-test";
		};
		6935CB4A1DDB1E1300881C09 /* youtube_oldUITests */ = {
			isa = PBXNativeTarget;
			buildConfigurationList = 6935CB5A1DDB1E1300881C09 /* Build configuration list for PBXNativeTarget "youtube_oldUITests" */;
			buildPhases = (
				6935CB471DDB1E1300881C09 /* Sources */,
				6935CB481DDB1E1300881C09 /* Frameworks */,
				6935CB491DDB1E1300881C09 /* Resources */,
			);
			buildRules = (
			);
			dependencies = (
				6935CB4D1DDB1E1300881C09 /* PBXTargetDependency */,
			);
			name = youtube_oldUITests;
			productName = testUITests;
			productReference = 6935CB4B1DDB1E1300881C09 /* youtube_oldUITests.xctest */;
			productType = "com.apple.product-type.bundle.ui-testing";
		};
/* End PBXNativeTarget section */

/* Begin PBXProject section */
		6935CB241DDB1E1200881C09 /* Project object */ = {
			isa = PBXProject;
			attributes = {
				LastSwiftUpdateCheck = 0800;
				LastUpgradeCheck = 0810;
				ORGANIZATIONNAME = Jay;
				TargetAttributes = {
					6935CB2B1DDB1E1200881C09 = {
						CreatedOnToolsVersion = 8.0;
						DevelopmentTeam = L8TP25NHU4;
						ProvisioningStyle = Automatic;
					};
					6935CB3F1DDB1E1300881C09 = {
						CreatedOnToolsVersion = 8.0;
						DevelopmentTeam = L8TP25NHU4;
						ProvisioningStyle = Automatic;
						TestTargetID = 6935CB2B1DDB1E1200881C09;
					};
					6935CB4A1DDB1E1300881C09 = {
						CreatedOnToolsVersion = 8.0;
						DevelopmentTeam = L8TP25NHU4;
						ProvisioningStyle = Automatic;
						TestTargetID = 6935CB2B1DDB1E1200881C09;
					};
				};
			};
			buildConfigurationList = 6935CB271DDB1E1200881C09 /* Build configuration list for PBXProject "youtube_old" */;
			compatibilityVersion = "Xcode 3.2";
			developmentRegion = English;
			hasScannedForEncodings = 0;
			knownRegions = (
				en,
				Base,
			);
			mainGroup = 6935CB231DDB1E1200881C09;
			productRefGroup = 6935CB2D1DDB1E1300881C09 /* Products */;
			projectDirPath = "";
			projectRoot = "";
			targets = (
				6935CB2B1DDB1E1200881C09 /* youtube_old */,
				6935CB3F1DDB1E1300881C09 /* youtube_oldTests */,
				6935CB4A1DDB1E1300881C09 /* youtube_oldUITests */,
			);
		};
/* End PBXProject section */

/* Begin PBXResourcesBuildPhase section */
		6935CB2A1DDB1E1200881C09 /* Resources */ = {
			isa = PBXResourcesBuildPhase;
			buildActionMask = 2147483647;
			files = (
				6935CB3A1DDB1E1300881C09 /* LaunchScreen.storyboard in Resources */,
				6935CB371DDB1E1300881C09 /* Assets.xcassets in Resources */,
				6935CB351DDB1E1300881C09 /* Main.storyboard in Resources */,
			);
			runOnlyForDeploymentPostprocessing = 0;
		};
		6935CB3E1DDB1E1300881C09 /* Resources */ = {
			isa = PBXResourcesBuildPhase;
			buildActionMask = 2147483647;
			files = (
			);
			runOnlyForDeploymentPostprocessing = 0;
		};
		6935CB491DDB1E1300881C09 /* Resources */ = {
			isa = PBXResourcesBuildPhase;
			buildActionMask = 2147483647;
			files = (
			);
			runOnlyForDeploymentPostprocessing = 0;
		};
/* End PBXResourcesBuildPhase section */

/* Begin PBXSourcesBuildPhase section */
		6935CB281DDB1E1200881C09 /* Sources */ = {
			isa = PBXSourcesBuildPhase;
			buildActionMask = 2147483647;
			files = (
				6979BE5A1DE65E050007BDC7 /* TrendingCell.swift in Sources */,
				6935CB321DDB1E1300881C09 /* HomeController.swift in Sources */,
				6979BE581DE5174D0007BDC7 /* FeedCell.swift in Sources */,
				6935CB301DDB1E1300881C09 /* AppDelegate.swift in Sources */,
				6935CB671DE0299600881C09 /* MenuCell.swift in Sources */,
				690F2D191DEA4FCD000AAD6A /* VideoPlayerView.swift in Sources */,
				6935CB5F1DDFE68000881C09 /* Helper.swift in Sources */,
				69C952FA1DE3C7B600F1287E /* SettingCell.swift in Sources */,
				6979BE5C1DE661150007BDC7 /* SubscriptionCell.swift in Sources */,
				6935CB691DE02A4800881C09 /* BaseCell.swift in Sources */,
				6935CB6C1DE03D3800881C09 /* Video.swift in Sources */,
				69C952F81DE3C15900F1287E /* SettingsLauncher.swift in Sources */,
				6935CB631DDFE8CD00881C09 /* ItemCell.swift in Sources */,
				69C1825B1DE10733009A3023 /* Channel.swift in Sources */,
				69C952FD1DE426B100F1287E /* APIService.swift in Sources */,
				6935CB651DE0218E00881C09 /* MenuBar.swift in Sources */,
				690F2D1B1DEA5345000AAD6A /* Setting.swift in Sources */,
				690F2D171DE7BB51000AAD6A /* VideoLauncher.swift in Sources */,
				6979BE5E1DE6723F0007BDC7 /* SafeJsonObject.swift in Sources */,
			);
			runOnlyForDeploymentPostprocessing = 0;
		};
		6935CB3C1DDB1E1300881C09 /* Sources */ = {
			isa = PBXSourcesBuildPhase;
			buildActionMask = 2147483647;
			files = (
				6935CB451DDB1E1300881C09 /* testTests.swift in Sources */,
			);
			runOnlyForDeploymentPostprocessing = 0;
		};
		6935CB471DDB1E1300881C09 /* Sources */ = {
			isa = PBXSourcesBuildPhase;
			buildActionMask = 2147483647;
			files = (
				6935CB501DDB1E1300881C09 /* testUITests.swift in Sources */,
			);
			runOnlyForDeploymentPostprocessing = 0;
		};
/* End PBXSourcesBuildPhase section */

/* Begin PBXTargetDependency section */
		6935CB421DDB1E1300881C09 /* PBXTargetDependency */ = {
			isa = PBXTargetDependency;
			target = 6935CB2B1DDB1E1200881C09 /* youtube_old */;
			targetProxy = 6935CB411DDB1E1300881C09 /* PBXContainerItemProxy */;
		};
		6935CB4D1DDB1E1300881C09 /* PBXTargetDependency */ = {
			isa = PBXTargetDependency;
			target = 6935CB2B1DDB1E1200881C09 /* youtube_old */;
			targetProxy = 6935CB4C1DDB1E1300881C09 /* PBXContainerItemProxy */;
		};
/* End PBXTargetDependency section */

/* Begin PBXVariantGroup section */
		6935CB331DDB1E1300881C09 /* Main.storyboard */ = {
			isa = PBXVariantGroup;
			children = (
				6935CB341DDB1E1300881C09 /* Base */,
			);
			name = Main.storyboard;
			sourceTree = "<group>";
		};
		6935CB381DDB1E1300881C09 /* LaunchScreen.storyboard */ = {
			isa = PBXVariantGroup;
			children = (
				6935CB391DDB1E1300881C09 /* Base */,
			);
			name = LaunchScreen.storyboard;
			sourceTree = "<group>";
		};
/* End PBXVariantGroup section */

/* Begin XCBuildConfiguration section */
		6935CB521DDB1E1300881C09 /* Debug */ = {
			isa = XCBuildConfiguration;
			buildSettings = {
				ALWAYS_SEARCH_USER_PATHS = NO;
				CLANG_ANALYZER_NONNULL = YES;
				CLANG_CXX_LANGUAGE_STANDARD = "gnu++0x";
				CLANG_CXX_LIBRARY = "libc++";
				CLANG_ENABLE_MODULES = YES;
				CLANG_ENABLE_OBJC_ARC = YES;
				CLANG_WARN_BOOL_CONVERSION = YES;
				CLANG_WARN_CONSTANT_CONVERSION = YES;
				CLANG_WARN_DIRECT_OBJC_ISA_USAGE = YES_ERROR;
				CLANG_WARN_DOCUMENTATION_COMMENTS = YES;
				CLANG_WARN_EMPTY_BODY = YES;
				CLANG_WARN_ENUM_CONVERSION = YES;
				CLANG_WARN_INFINITE_RECURSION = YES;
				CLANG_WARN_INT_CONVERSION = YES;
				CLANG_WARN_OBJC_ROOT_CLASS = YES_ERROR;
				CLANG_WARN_SUSPICIOUS_MOVE = YES;
				CLANG_WARN_SUSPICIOUS_MOVES = YES;
				CLANG_WARN_UNREACHABLE_CODE = YES;
				CLANG_WARN__DUPLICATE_METHOD_MATCH = YES;
				"CODE_SIGN_IDENTITY[sdk=iphoneos*]" = "iPhone Developer";
				COPY_PHASE_STRIP = NO;
				DEBUG_INFORMATION_FORMAT = dwarf;
				ENABLE_STRICT_OBJC_MSGSEND = YES;
				ENABLE_TESTABILITY = YES;
				GCC_C_LANGUAGE_STANDARD = gnu99;
				GCC_DYNAMIC_NO_PIC = NO;
				GCC_NO_COMMON_BLOCKS = YES;
				GCC_OPTIMIZATION_LEVEL = 0;
				GCC_PREPROCESSOR_DEFINITIONS = (
					"DEBUG=1",
					"$(inherited)",
				);
				GCC_WARN_64_TO_32_BIT_CONVERSION = YES;
				GCC_WARN_ABOUT_RETURN_TYPE = YES_ERROR;
				GCC_WARN_UNDECLARED_SELECTOR = YES;
				GCC_WARN_UNINITIALIZED_AUTOS = YES_AGGRESSIVE;
				GCC_WARN_UNUSED_FUNCTION = YES;
				GCC_WARN_UNUSED_VARIABLE = YES;
				IPHONEOS_DEPLOYMENT_TARGET = 9.3;
				MTL_ENABLE_DEBUG_INFO = YES;
				ONLY_ACTIVE_ARCH = YES;
				SDKROOT = iphoneos;
				SWIFT_ACTIVE_COMPILATION_CONDITIONS = DEBUG;
				SWIFT_OPTIMIZATION_LEVEL = "-Onone";
				TARGETED_DEVICE_FAMILY = "1,2";
			};
			name = Debug;
		};
		6935CB531DDB1E1300881C09 /* Release */ = {
			isa = XCBuildConfiguration;
			buildSettings = {
				ALWAYS_SEARCH_USER_PATHS = NO;
				CLANG_ANALYZER_NONNULL = YES;
				CLANG_CXX_LANGUAGE_STANDARD = "gnu++0x";
				CLANG_CXX_LIBRARY = "libc++";
				CLANG_ENABLE_MODULES = YES;
				CLANG_ENABLE_OBJC_ARC = YES;
				CLANG_WARN_BOOL_CONVERSION = YES;
				CLANG_WARN_CONSTANT_CONVERSION = YES;
				CLANG_WARN_DIRECT_OBJC_ISA_USAGE = YES_ERROR;
				CLANG_WARN_DOCUMENTATION_COMMENTS = YES;
				CLANG_WARN_EMPTY_BODY = YES;
				CLANG_WARN_ENUM_CONVERSION = YES;
				CLANG_WARN_INFINITE_RECURSION = YES;
				CLANG_WARN_INT_CONVERSION = YES;
				CLANG_WARN_OBJC_ROOT_CLASS = YES_ERROR;
				CLANG_WARN_SUSPICIOUS_MOVE = YES;
				CLANG_WARN_SUSPICIOUS_MOVES = YES;
				CLANG_WARN_UNREACHABLE_CODE = YES;
				CLANG_WARN__DUPLICATE_METHOD_MATCH = YES;
				"CODE_SIGN_IDENTITY[sdk=iphoneos*]" = "iPhone Developer";
				COPY_PHASE_STRIP = NO;
				DEBUG_INFORMATION_FORMAT = "dwarf-with-dsym";
				ENABLE_NS_ASSERTIONS = NO;
				ENABLE_STRICT_OBJC_MSGSEND = YES;
				GCC_C_LANGUAGE_STANDARD = gnu99;
				GCC_NO_COMMON_BLOCKS = YES;
				GCC_WARN_64_TO_32_BIT_CONVERSION = YES;
				GCC_WARN_ABOUT_RETURN_TYPE = YES_ERROR;
				GCC_WARN_UNDECLARED_SELECTOR = YES;
				GCC_WARN_UNINITIALIZED_AUTOS = YES_AGGRESSIVE;
				GCC_WARN_UNUSED_FUNCTION = YES;
				GCC_WARN_UNUSED_VARIABLE = YES;
				IPHONEOS_DEPLOYMENT_TARGET = 9.3;
				MTL_ENABLE_DEBUG_INFO = NO;
				SDKROOT = iphoneos;
				SWIFT_OPTIMIZATION_LEVEL = "-Owholemodule";
				TARGETED_DEVICE_FAMILY = "1,2";
				VALIDATE_PRODUCT = YES;
			};
			name = Release;
		};
		6935CB551DDB1E1300881C09 /* Debug */ = {
			isa = XCBuildConfiguration;
			buildSettings = {
				ASSETCATALOG_COMPILER_APPICON_NAME = AppIcon;
				DEVELOPMENT_TEAM = L8TP25NHU4;
				INFOPLIST_FILE = test/Info.plist;
				IPHONEOS_DEPLOYMENT_TARGET = 10.0;
				LD_RUNPATH_SEARCH_PATHS = "$(inherited) @executable_path/Frameworks";
				PRODUCT_BUNDLE_IDENTIFIER = UniMelb.734057.test;
				PRODUCT_NAME = "$(TARGET_NAME)";
				SWIFT_VERSION = 3.0;
			};
			name = Debug;
		};
		6935CB561DDB1E1300881C09 /* Release */ = {
			isa = XCBuildConfiguration;
			buildSettings = {
				ASSETCATALOG_COMPILER_APPICON_NAME = AppIcon;
				DEVELOPMENT_TEAM = L8TP25NHU4;
				INFOPLIST_FILE = test/Info.plist;
				IPHONEOS_DEPLOYMENT_TARGET = 10.0;
				LD_RUNPATH_SEARCH_PATHS = "$(inherited) @executable_path/Frameworks";
				PRODUCT_BUNDLE_IDENTIFIER = UniMelb.734057.test;
				PRODUCT_NAME = "$(TARGET_NAME)";
				SWIFT_VERSION = 3.0;
			};
			name = Release;
		};
		6935CB581DDB1E1300881C09 /* Debug */ = {
			isa = XCBuildConfiguration;
			buildSettings = {
				ALWAYS_EMBED_SWIFT_STANDARD_LIBRARIES = YES;
				BUNDLE_LOADER = "$(TEST_HOST)";
				DEVELOPMENT_TEAM = L8TP25NHU4;
				INFOPLIST_FILE = testTests/Info.plist;
				LD_RUNPATH_SEARCH_PATHS = "$(inherited) @executable_path/Frameworks @loader_path/Frameworks";
				PRODUCT_BUNDLE_IDENTIFIER = UniMelb.734057.testTests;
				PRODUCT_NAME = "$(TARGET_NAME)";
				SWIFT_VERSION = 3.0;
				TEST_HOST = "$(BUILT_PRODUCTS_DIR)/youtube_old.app/youtube_old";
			};
			name = Debug;
		};
		6935CB591DDB1E1300881C09 /* Release */ = {
			isa = XCBuildConfiguration;
			buildSettings = {
				ALWAYS_EMBED_SWIFT_STANDARD_LIBRARIES = YES;
				BUNDLE_LOADER = "$(TEST_HOST)";
				DEVELOPMENT_TEAM = L8TP25NHU4;
				INFOPLIST_FILE = testTests/Info.plist;
				LD_RUNPATH_SEARCH_PATHS = "$(inherited) @executable_path/Frameworks @loader_path/Frameworks";
				PRODUCT_BUNDLE_IDENTIFIER = UniMelb.734057.testTests;
				PRODUCT_NAME = "$(TARGET_NAME)";
				SWIFT_VERSION = 3.0;
				TEST_HOST = "$(BUILT_PRODUCTS_DIR)/youtube_old.app/youtube_old";
			};
			name = Release;
		};
		6935CB5B1DDB1E1300881C09 /* Debug */ = {
			isa = XCBuildConfiguration;
			buildSettings = {
				ALWAYS_EMBED_SWIFT_STANDARD_LIBRARIES = YES;
				DEVELOPMENT_TEAM = L8TP25NHU4;
				INFOPLIST_FILE = testUITests/Info.plist;
				LD_RUNPATH_SEARCH_PATHS = "$(inherited) @executable_path/Frameworks @loader_path/Frameworks";
				PRODUCT_BUNDLE_IDENTIFIER = UniMelb.734057.testUITests;
				PRODUCT_NAME = "$(TARGET_NAME)";
				SWIFT_VERSION = 3.0;
				TEST_TARGET_NAME = test;
			};
			name = Debug;
		};
		6935CB5C1DDB1E1300881C09 /* Release */ = {
			isa = XCBuildConfiguration;
			buildSettings = {
				ALWAYS_EMBED_SWIFT_STANDARD_LIBRARIES = YES;
				DEVELOPMENT_TEAM = L8TP25NHU4;
				INFOPLIST_FILE = testUITests/Info.plist;
				LD_RUNPATH_SEARCH_PATHS = "$(inherited) @executable_path/Frameworks @loader_path/Frameworks";
				PRODUCT_BUNDLE_IDENTIFIER = UniMelb.734057.testUITests;
				PRODUCT_NAME = "$(TARGET_NAME)";
				SWIFT_VERSION = 3.0;
				TEST_TARGET_NAME = test;
			};
			name = Release;
		};
/* End XCBuildConfiguration section */

/* Begin XCConfigurationList section */
		6935CB271DDB1E1200881C09 /* Build configuration list for PBXProject "youtube_old" */ = {
			isa = XCConfigurationList;
			buildConfigurations = (
				6935CB521DDB1E1300881C09 /* Debug */,
				6935CB531DDB1E1300881C09 /* Release */,
			);
			defaultConfigurationIsVisible = 0;
			defaultConfigurationName = Release;
		};
		6935CB541DDB1E1300881C09 /* Build configuration list for PBXNativeTarget "youtube_old" */ = {
			isa = XCConfigurationList;
			buildConfigurations = (
				6935CB551DDB1E1300881C09 /* Debug */,
				6935CB561DDB1E1300881C09 /* Release */,
			);
			defaultConfigurationIsVisible = 0;
			defaultConfigurationName = Release;
		};
		6935CB571DDB1E1300881C09 /* Build configuration list for PBXNativeTarget "youtube_oldTests" */ = {
			isa = XCConfigurationList;
			buildConfigurations = (
				6935CB581DDB1E1300881C09 /* Debug */,
				6935CB591DDB1E1300881C09 /* Release */,
			);
			defaultConfigurationIsVisible = 0;
			defaultConfigurationName = Release;
		};
		6935CB5A1DDB1E1300881C09 /* Build configuration list for PBXNativeTarget "youtube_oldUITests" */ = {
			isa = XCConfigurationList;
			buildConfigurations = (
				6935CB5B1DDB1E1300881C09 /* Debug */,
				6935CB5C1DDB1E1300881C09 /* Release */,
			);
			defaultConfigurationIsVisible = 0;
			defaultConfigurationName = Release;
		};
/* End XCConfigurationList section */
	};
	rootObject = 6935CB241DDB1E1200881C09 /* Project object */;
}
